<Solution>
  <Project Path="docker-compose.dcproj">
    <Build />
  </Project>
  <Folder Name="/src/" />
  <Folder Name="/src/Shared/">
    <Project Path="src/Shared/Shared.Domain/Shared.Domain.csproj" />
    <Project Path="src/Shared/Shared.Infrastructure/Shared.Infrastructure.csproj" />
    <Project Path="src/Shared/Shared.Contracts/Shared.Contracts.csproj" />
  </Folder>
  <Folder Name="/src/Gateway/">
    <Project Path="src/Gateway/GearFlow.Gateway.csproj" />
  </Folder>
  <Folder Name="/src/Host/">
    <Project Path="src/Host/GearFlow.Api/GearFlow.Api.csproj" />
  </Folder>
  <Folder Name="/src/Catalog/">
    <Project Path="src/Catalog/Catalog.Domain/Catalog.Domain.csproj" />
    <Project Path="src/Catalog/Catalog.Application/Catalog.Application.csproj" />
    <Project Path="src/Catalog/Catalog.Infrastructure/Catalog.Infrastructure.csproj" />
  </Folder>
  <Folder Name="/src/Customers/">
    <Project Path="src/Customers/Customers.Domain/Customers.Domain.csproj" />
    <Project Path="src/Customers/Customers.Application/Customers.Application.csproj" />
    <Project Path="src/Customers/Customers.Infrastructure/Customers.Infrastructure.csproj" />
  </Folder>
  <Folder Name="/src/Inventory/">
    <Project Path="src/Inventory/Inventory.Domain/Inventory.Domain.csproj" />
    <Project Path="src/Inventory/Inventory.Application/Inventory.Application.csproj" />
    <Project Path="src/Inventory/Inventory.Infrastructure/Inventory.Infrastructure.csproj" />
  </Folder>
  <Folder Name="/src/Workshop/">
    <Project Path="src/Workshop/Workshop.Domain/Workshop.Domain.csproj" />
    <Project Path="src/Workshop/Workshop.Application/Workshop.Application.csproj" />
    <Project Path="src/Workshop/Workshop.Infrastructure/Workshop.Infrastructure.csproj" />
  </Folder>
  <Folder Name="/src/Identity/">
    <Project Path="src/Identity/Identity.Domain/Identity.Domain.csproj" />
    <Project Path="src/Identity/Identity.Application/Identity.Application.csproj" />
    <Project Path="src/Identity/Identity.Infrastructure/Identity.Infrastructure.csproj" />
  </Folder>
  <Folder Name="/src/Notifications/">
    <Project Path="src/Notifications/Notifications.Domain/Notifications.Domain.csproj" />
    <Project Path="src/Notifications/Notifications.Application/Notifications.Application.csproj" />
    <Project Path="src/Notifications/Notifications.Infrastructure/Notifications.Infrastructure.csproj" />
  </Folder>
  <Folder Name="/tests/" />
  <Folder Name="/tests/Architecture/">
    <Project Path="tests/Architecture/Architecture.Tests/Architecture.Tests.csproj" />
  </Folder>
  <Folder Name="/tests/Catalog/">
    <Project Path="tests/Catalog/Catalog.UnitTests/Catalog.UnitTests.csproj" />
  </Folder>
  <Folder Name="/tests/Customers/">
    <Project Path="tests/Customers/Customers.UnitTests/Customers.UnitTests.csproj" />
  </Folder>
  <Folder Name="/tests/Inventory/">
    <Project Path="tests/Inventory/Inventory.UnitTests/Inventory.UnitTests.csproj" />
  </Folder>
  <Folder Name="/tests/Workshop/">
    <Project Path="tests/Workshop/Workshop.UnitTests/Workshop.UnitTests.csproj" />
  </Folder>
  <Folder Name="/tests/Identity/">
    <Project Path="tests/Identity/Identity.UnitTests/Identity.UnitTests.csproj" />
  </Folder>
</Solution>
