<Solution>
  <Folder Name="/src/" />
  <Folder Name="/src/Shared/">
    <Project Path="src/Shared/Shared.Domain/Shared.Domain.csproj" />
    <Project Path="src/Shared/Shared.Infrastructure/Shared.Infrastructure.csproj" />
    <Project Path="src/Shared/Shared.Contracts/Shared.Contracts.csproj" />
  </Folder>
  <Folder Name="/src/Gateway/">
    <Project Path="src/Gateway/GearFlow.Gateway.csproj" />
  </Folder>
  <Folder Name="/src/Host/">
    <Project Path="src/Host/GearFlow.Api/GearFlow.Api.csproj" />
  </Folder>
  <Folder Name="/src/Catalog/">
    <Project Path="src/Catalog/Catalog.Domain/Catalog.Domain.csproj" />
    <Project Path="src/Catalog/Catalog.Application/Catalog.Application.csproj" />
    <Project Path="src/Catalog/Catalog.Infrastructure/Catalog.Infrastructure.csproj" />
  </Folder>
  <Folder Name="/tests/" />
  <Folder Name="/tests/Architecture/">
    <Project Path="tests/Architecture/Architecture.Tests/Architecture.Tests.csproj" />
  </Folder>
  <Folder Name="/tests/Catalog/">
    <Project Path="tests/Catalog/Catalog.UnitTests/Catalog.UnitTests.csproj" />
  </Folder>
</Solution>
